<?xml version="1.0" encoding="utf-8"?>
<Project ToolsVersion="4.0" xmlns="http://schemas.microsoft.com/developer/msbuild/2003">
  <ItemGroup>
    <Filter Include="Source">
      <UniqueIdentifier>{943c90c8-8693-4ef4-95d5-b665d4f4778a}</UniqueIdentifier>
    </Filter>
    <Filter Include="Source\Private">
      <UniqueIdentifier>{637d5eb4-85a1-4dd5-9b29-5614b4aad49d}</UniqueIdentifier>
    </Filter>
    <Filter Include="Source\Public">
      <UniqueIdentifier>{e6b95449-206c-475e-a929-16a2ca6a5126}</UniqueIdentifier>
    </Filter>
    <Filter Include="Kernels">
      <UniqueIdentifier>{e627cf63-5474-4c28-b0c4-6e7e8b72ac01}</UniqueIdentifier>
    </Filter>
  </ItemGroup>
  <ItemGroup>
    <ClInclude Include="include\macrograd.h">
      <Filter>Source\Public</Filter>
    </ClInclude>
    <ClInclude Include="include\cuda_backend.h">
      <Filter>Source\Public</Filter>
    </ClInclude>
    <ClInclude Include="include\macrograd_nn.h">
      <Filter>Source\Public</Filter>
    </ClInclude>
    <ClInclude Include="include\macrograd_error.h">
      <Filter>Source\Public</Filter>
    </ClInclude>
  </ItemGroup>
  <ItemGroup>
    <ClCompile Include="source\tensor.cpp">
      <Filter>Source\Private</Filter>
    </ClCompile>
    <ClCompile Include="source\tensor_ops.cpp">
      <Filter>Source\Private</Filter>
    </ClCompile>
    <ClCompile Include="source\array.cpp">
      <Filter>Source\Private</Filter>
    </ClCompile>
  </ItemGroup>
  <ItemGroup>
    <CudaCompile Include="kernels\cuda_backend.cu">
      <Filter>Kernels</Filter>
    </CudaCompile>
  </ItemGroup>
</Project>